
Microsoft Visual Studio Solution File, Format Version 12.00
# Visual Studio Version 17
VisualStudioVersion = 17.10.35122.118
MinimumVisualStudioVersion = 10.0.40219.1
Project("{9A19103F-16F7-4668-BE54-9A1E7A4F7556}") = "DevFreela.API", "DevFreela.API\DevFreela.API.csproj", "{CBDBCC51-45CA-4745-BA3F-1B1A9C18679E}"
EndProject
Project("{FAE04EC0-301F-11D3-BF4B-00C04F79EFBC}") = "DevFreela.Application", "DevFreela.Application\DevFreela.Application.csproj", "{4389A0E7-CD53-4A93-9B64-C242C063BF90}"
EndProject
Project("{FAE04EC0-301F-11D3-BF4B-00C04F79EFBC}") = "DevFreela.Infrastructure", "DevFreela.Infrastructure\DevFreela.Infrastructure.csproj", "{DE3A6E57-359E-4C35-BA31-A0E9DB368A4F}"
EndProject
Project("{FAE04EC0-301F-11D3-BF4B-00C04F79EFBC}") = "DevFreela.Core", "DevFreela.Core\DevFreela.Core.csproj", "{B96A89F9-E1E2-4A42-B3DE-C9A4D2F77454}"
EndProject
Global
	GlobalSection(SolutionConfigurationPlatforms) = preSolution
		Debug|Any CPU = Debug|Any CPU
		Release|Any CPU = Release|Any CPU
	EndGlobalSection
	GlobalSection(ProjectConfigurationPlatforms) = postSolution
		{CBDBCC51-45CA-4745-BA3F-1B1A9C18679E}.Debug|Any CPU.ActiveCfg = Debug|Any CPU
		{CBDBCC51-45CA-4745-BA3F-1B1A9C18679E}.Debug|Any CPU.Build.0 = Debug|Any CPU
		{CBDBCC51-45CA-4745-BA3F-1B1A9C18679E}.Release|Any CPU.ActiveCfg = Release|Any CPU
		{CBDBCC51-45CA-4745-BA3F-1B1A9C18679E}.Release|Any CPU.Build.0 = Release|Any CPU
		{4389A0E7-CD53-4A93-9B64-C242C063BF90}.Debug|Any CPU.ActiveCfg = Debug|Any CPU
		{4389A0E7-CD53-4A93-9B64-C242C063BF90}.Debug|Any CPU.Build.0 = Debug|Any CPU
		{4389A0E7-CD53-4A93-9B64-C242C063BF90}.Release|Any CPU.ActiveCfg = Release|Any CPU
		{4389A0E7-CD53-4A93-9B64-C242C063BF90}.Release|Any CPU.Build.0 = Release|Any CPU
		{DE3A6E57-359E-4C35-BA31-A0E9DB368A4F}.Debug|Any CPU.ActiveCfg = Debug|Any CPU
		{DE3A6E57-359E-4C35-BA31-A0E9DB368A4F}.Debug|Any CPU.Build.0 = Debug|Any CPU
		{DE3A6E57-359E-4C35-BA31-A0E9DB368A4F}.Release|Any CPU.ActiveCfg = Release|Any CPU
		{DE3A6E57-359E-4C35-BA31-A0E9DB368A4F}.Release|Any CPU.Build.0 = Release|Any CPU
		{B96A89F9-E1E2-4A42-B3DE-C9A4D2F77454}.Debug|Any CPU.ActiveCfg = Debug|Any CPU
		{B96A89F9-E1E2-4A42-B3DE-C9A4D2F77454}.Debug|Any CPU.Build.0 = Debug|Any CPU
		{B96A89F9-E1E2-4A42-B3DE-C9A4D2F77454}.Release|Any CPU.ActiveCfg = Release|Any CPU
		{B96A89F9-E1E2-4A42-B3DE-C9A4D2F77454}.Release|Any CPU.Build.0 = Release|Any CPU
	EndGlobalSection
	GlobalSection(SolutionProperties) = preSolution
		HideSolutionNode = FALSE
	EndGlobalSection
	GlobalSection(ExtensibilityGlobals) = postSolution
		SolutionGuid = {B2A27702-59E7-4E2A-84EA-7D8FA74BCAD5}
	EndGlobalSection
EndGlobal
